
Microsoft Visual Studio Solution File, Format Version 12.00
# Visual Studio 15
VisualStudioVersion = 15.0.28010.2036
MinimumVisualStudioVersion = 10.0.40219.1
Project("{2150E333-8FDC-42A3-9474-1A3956D46DE8}") = "Solution Items", "Solution Items", "{AFDEC676-88F1-48A7-81CB-611F4A09F6C0}"
	ProjectSection(SolutionItems) = preProject
		.gitignore = .gitignore
	EndProjectSection
EndProject
Project("{2150E333-8FDC-42A3-9474-1A3956D46DE8}") = "src", "src", "{2040F0B5-3BF8-4352-9A9C-A41C1C9D2648}"
EndProject
Project("{FAE04EC0-301F-11D3-BF4B-00C04F79EFBC}") = "OwinWebApi", "src\OwinWebApi\OwinWebApi.csproj", "{34DF2993-603C-41FA-BBC7-8F19E7F5AC16}"
EndProject
Global
	GlobalSection(SolutionConfigurationPlatforms) = preSolution
		Debug|Any CPU = Debug|Any CPU
		Release|Any CPU = Release|Any CPU
	EndGlobalSection
	GlobalSection(ProjectConfigurationPlatforms) = postSolution
		{34DF2993-603C-41FA-BBC7-8F19E7F5AC16}.Debug|Any CPU.ActiveCfg = Debug|Any CPU
		{34DF2993-603C-41FA-BBC7-8F19E7F5AC16}.Debug|Any CPU.Build.0 = Debug|Any CPU
		{34DF2993-603C-41FA-BBC7-8F19E7F5AC16}.Release|Any CPU.ActiveCfg = Release|Any CPU
		{34DF2993-603C-41FA-BBC7-8F19E7F5AC16}.Release|Any CPU.Build.0 = Release|Any CPU
	EndGlobalSection
	GlobalSection(SolutionProperties) = preSolution
		HideSolutionNode = FALSE
	EndGlobalSection
	GlobalSection(NestedProjects) = preSolution
		{34DF2993-603C-41FA-BBC7-8F19E7F5AC16} = {2040F0B5-3BF8-4352-9A9C-A41C1C9D2648}
	EndGlobalSection
	GlobalSection(ExtensibilityGlobals) = postSolution
		SolutionGuid = {6D289366-7A83-4E28-8180-D65BCDD2BF90}
	EndGlobalSection
EndGlobal
